
Microsoft Visual Studio Solution File, Format Version 12.00
# Visual Studio Version 16
VisualStudioVersion = 16.0.29503.13
MinimumVisualStudioVersion = 10.0.40219.1
Project("{FAE04EC0-301F-11D3-BF4B-00C04F79EFBC}") = "Challenge.Api", "Challenge.Api\Challenge.Api.csproj", "{24BC92E2-702D-4C2A-842F-D3B19B45A77C}"
EndProject
Project("{FAE04EC0-301F-11D3-BF4B-00C04F79EFBC}") = "Challenge.ViewModels", "Challenge.ViewModels\Challenge.ViewModels.csproj", "{7E378AFC-1C08-44DB-B7E2-63E85C4852E8}"
EndProject
Global
	GlobalSection(SolutionConfigurationPlatforms) = preSolution
		Debug|Any CPU = Debug|Any CPU
		Release|Any CPU = Release|Any CPU
	EndGlobalSection
	GlobalSection(ProjectConfigurationPlatforms) = postSolution
		{24BC92E2-702D-4C2A-842F-D3B19B45A77C}.Debug|Any CPU.ActiveCfg = Debug|Any CPU
		{24BC92E2-702D-4C2A-842F-D3B19B45A77C}.Debug|Any CPU.Build.0 = Debug|Any CPU
		{24BC92E2-702D-4C2A-842F-D3B19B45A77C}.Release|Any CPU.ActiveCfg = Release|Any CPU
		{24BC92E2-702D-4C2A-842F-D3B19B45A77C}.Release|Any CPU.Build.0 = Release|Any CPU
		{7E378AFC-1C08-44DB-B7E2-63E85C4852E8}.Debug|Any CPU.ActiveCfg = Debug|Any CPU
		{7E378AFC-1C08-44DB-B7E2-63E85C4852E8}.Debug|Any CPU.Build.0 = Debug|Any CPU
		{7E378AFC-1C08-44DB-B7E2-63E85C4852E8}.Release|Any CPU.ActiveCfg = Release|Any CPU
		{7E378AFC-1C08-44DB-B7E2-63E85C4852E8}.Release|Any CPU.Build.0 = Release|Any CPU
	EndGlobalSection
	GlobalSection(SolutionProperties) = preSolution
		HideSolutionNode = FALSE
	EndGlobalSection
	GlobalSection(ExtensibilityGlobals) = postSolution
		SolutionGuid = {7F49894E-DDAC-4E4D-9015-B6BCB1DFF76B}
	EndGlobalSection
EndGlobal
